
Microsoft Visual Studio Solution File, Format Version 12.00
# Visual Studio Version 17
VisualStudioVersion = 17.0.31903.59
MinimumVisualStudioVersion = 10.0.40219.1
Project("{2150E333-8FDC-42A3-9474-1A3956D46DE8}") = "src", "src", "{827E0CD3-B72D-47B6-A68D-7590B98EB39B}"
EndProject
Project("{FAE04EC0-301F-11D3-BF4B-00C04F79EFBC}") = "Microsoft.Extensions.AI.Anthropic", "src\Microsoft.Extensions.AI.Anthropic\Microsoft.Extensions.AI.Anthropic.csproj", "{062BD1F0-DD62-466A-B9FA-20C764608545}"
EndProject
Project("{2150E333-8FDC-42A3-9474-1A3956D46DE8}") = "tests", "tests", "{0AB3BF05-4346-4AA6-1389-037BE0695223}"
EndProject
Project("{FAE04EC0-301F-11D3-BF4B-00C04F79EFBC}") = "Microsoft.Extensions.AI.Anthropic.Tests", "tests\Microsoft.Extensions.AI.Anthropic.Tests\Microsoft.Extensions.AI.Anthropic.Tests.csproj", "{183E5583-160B-42D9-B08D-0FCD9B0FAB08}"
EndProject
Project("{2150E333-8FDC-42A3-9474-1A3956D46DE8}") = "examples", "examples", "{B36A84DF-456D-A817-6EDD-3EC3E7F6E11F}"
EndProject
Project("{FAE04EC0-301F-11D3-BF4B-00C04F79EFBC}") = "BasicChatExample", "examples\BasicChatExample\BasicChatExample.csproj", "{46A14A73-5D92-48CD-AFDD-52A06AC93F51}"
EndProject
Project("{FAE04EC0-301F-11D3-BF4B-00C04F79EFBC}") = "AzureFoundryBasicExample", "examples\AzureFoundryBasicExample\AzureFoundryBasicExample.csproj", "{4902B467-D60D-4123-8357-67338CFEB00E}"
EndProject
Project("{FAE04EC0-301F-11D3-BF4B-00C04F79EFBC}") = "Anthropic", "src\Anthropic\Anthropic.csproj", "{E52F3D9E-27B1-A46E-416E-0E63F08A7BA7}"
EndProject
Project("{FAE04EC0-301F-11D3-BF4B-00C04F79EFBC}") = "Anthropic.Foundry", "src\Anthropic.Foundry\Anthropic.Foundry.csproj", "{A4CB3F51-2F5F-9C87-9536-C734BFBB4CCB}"
EndProject
Global
	GlobalSection(SolutionConfigurationPlatforms) = preSolution
		Debug|Any CPU = Debug|Any CPU
		Debug|x64 = Debug|x64
		Debug|x86 = Debug|x86
		Release|Any CPU = Release|Any CPU
		Release|x64 = Release|x64
		Release|x86 = Release|x86
	EndGlobalSection
	GlobalSection(ProjectConfigurationPlatforms) = postSolution
		{062BD1F0-DD62-466A-B9FA-20C764608545}.Debug|Any CPU.ActiveCfg = Debug|Any CPU
		{062BD1F0-DD62-466A-B9FA-20C764608545}.Debug|Any CPU.Build.0 = Debug|Any CPU
		{062BD1F0-DD62-466A-B9FA-20C764608545}.Debug|x64.ActiveCfg = Debug|Any CPU
		{062BD1F0-DD62-466A-B9FA-20C764608545}.Debug|x64.Build.0 = Debug|Any CPU
		{062BD1F0-DD62-466A-B9FA-20C764608545}.Debug|x86.ActiveCfg = Debug|Any CPU
		{062BD1F0-DD62-466A-B9FA-20C764608545}.Debug|x86.Build.0 = Debug|Any CPU
		{062BD1F0-DD62-466A-B9FA-20C764608545}.Release|Any CPU.ActiveCfg = Release|Any CPU
		{062BD1F0-DD62-466A-B9FA-20C764608545}.Release|Any CPU.Build.0 = Release|Any CPU
		{062BD1F0-DD62-466A-B9FA-20C764608545}.Release|x64.ActiveCfg = Release|Any CPU
		{062BD1F0-DD62-466A-B9FA-20C764608545}.Release|x64.Build.0 = Release|Any CPU
		{062BD1F0-DD62-466A-B9FA-20C764608545}.Release|x86.ActiveCfg = Release|Any CPU
		{062BD1F0-DD62-466A-B9FA-20C764608545}.Release|x86.Build.0 = Release|Any CPU
		{183E5583-160B-42D9-B08D-0FCD9B0FAB08}.Debug|Any CPU.ActiveCfg = Debug|Any CPU
		{183E5583-160B-42D9-B08D-0FCD9B0FAB08}.Debug|Any CPU.Build.0 = Debug|Any CPU
		{183E5583-160B-42D9-B08D-0FCD9B0FAB08}.Debug|x64.ActiveCfg = Debug|Any CPU
		{183E5583-160B-42D9-B08D-0FCD9B0FAB08}.Debug|x64.Build.0 = Debug|Any CPU
		{183E5583-160B-42D9-B08D-0FCD9B0FAB08}.Debug|x86.ActiveCfg = Debug|Any CPU
		{183E5583-160B-42D9-B08D-0FCD9B0FAB08}.Debug|x86.Build.0 = Debug|Any CPU
		{183E5583-160B-42D9-B08D-0FCD9B0FAB08}.Release|Any CPU.ActiveCfg = Release|Any CPU
		{183E5583-160B-42D9-B08D-0FCD9B0FAB08}.Release|Any CPU.Build.0 = Release|Any CPU
		{183E5583-160B-42D9-B08D-0FCD9B0FAB08}.Release|x64.ActiveCfg = Release|Any CPU
		{183E5583-160B-42D9-B08D-0FCD9B0FAB08}.Release|x64.Build.0 = Release|Any CPU
		{183E5583-160B-42D9-B08D-0FCD9B0FAB08}.Release|x86.ActiveCfg = Release|Any CPU
		{183E5583-160B-42D9-B08D-0FCD9B0FAB08}.Release|x86.Build.0 = Release|Any CPU
		{46A14A73-5D92-48CD-AFDD-52A06AC93F51}.Debug|Any CPU.ActiveCfg = Debug|Any CPU
		{46A14A73-5D92-48CD-AFDD-52A06AC93F51}.Debug|Any CPU.Build.0 = Debug|Any CPU
		{46A14A73-5D92-48CD-AFDD-52A06AC93F51}.Debug|x64.ActiveCfg = Debug|Any CPU
		{46A14A73-5D92-48CD-AFDD-52A06AC93F51}.Debug|x64.Build.0 = Debug|Any CPU
		{46A14A73-5D92-48CD-AFDD-52A06AC93F51}.Debug|x86.ActiveCfg = Debug|Any CPU
		{46A14A73-5D92-48CD-AFDD-52A06AC93F51}.Debug|x86.Build.0 = Debug|Any CPU
		{46A14A73-5D92-48CD-AFDD-52A06AC93F51}.Release|Any CPU.ActiveCfg = Release|Any CPU
		{46A14A73-5D92-48CD-AFDD-52A06AC93F51}.Release|Any CPU.Build.0 = Release|Any CPU
		{46A14A73-5D92-48CD-AFDD-52A06AC93F51}.Release|x64.ActiveCfg = Release|Any CPU
		{46A14A73-5D92-48CD-AFDD-52A06AC93F51}.Release|x64.Build.0 = Release|Any CPU
		{46A14A73-5D92-48CD-AFDD-52A06AC93F51}.Release|x86.ActiveCfg = Release|Any CPU
		{46A14A73-5D92-48CD-AFDD-52A06AC93F51}.Release|x86.Build.0 = Release|Any CPU
		{4902B467-D60D-4123-8357-67338CFEB00E}.Debug|Any CPU.ActiveCfg = Debug|Any CPU
		{4902B467-D60D-4123-8357-67338CFEB00E}.Debug|Any CPU.Build.0 = Debug|Any CPU
		{4902B467-D60D-4123-8357-67338CFEB00E}.Debug|x64.ActiveCfg = Debug|Any CPU
		{4902B467-D60D-4123-8357-67338CFEB00E}.Debug|x64.Build.0 = Debug|Any CPU
		{4902B467-D60D-4123-8357-67338CFEB00E}.Debug|x86.ActiveCfg = Debug|Any CPU
		{4902B467-D60D-4123-8357-67338CFEB00E}.Debug|x86.Build.0 = Debug|Any CPU
		{4902B467-D60D-4123-8357-67338CFEB00E}.Release|Any CPU.ActiveCfg = Release|Any CPU
		{4902B467-D60D-4123-8357-67338CFEB00E}.Release|Any CPU.Build.0 = Release|Any CPU
		{4902B467-D60D-4123-8357-67338CFEB00E}.Release|x64.ActiveCfg = Release|Any CPU
		{4902B467-D60D-4123-8357-67338CFEB00E}.Release|x64.Build.0 = Release|Any CPU
		{4902B467-D60D-4123-8357-67338CFEB00E}.Release|x86.ActiveCfg = Release|Any CPU
		{4902B467-D60D-4123-8357-67338CFEB00E}.Release|x86.Build.0 = Release|Any CPU
		{E52F3D9E-27B1-A46E-416E-0E63F08A7BA7}.Debug|Any CPU.ActiveCfg = Debug|Any CPU
		{E52F3D9E-27B1-A46E-416E-0E63F08A7BA7}.Debug|Any CPU.Build.0 = Debug|Any CPU
		{E52F3D9E-27B1-A46E-416E-0E63F08A7BA7}.Debug|x64.ActiveCfg = Debug|Any CPU
		{E52F3D9E-27B1-A46E-416E-0E63F08A7BA7}.Debug|x64.Build.0 = Debug|Any CPU
		{E52F3D9E-27B1-A46E-416E-0E63F08A7BA7}.Debug|x86.ActiveCfg = Debug|Any CPU
		{E52F3D9E-27B1-A46E-416E-0E63F08A7BA7}.Debug|x86.Build.0 = Debug|Any CPU
		{E52F3D9E-27B1-A46E-416E-0E63F08A7BA7}.Release|Any CPU.ActiveCfg = Release|Any CPU
		{E52F3D9E-27B1-A46E-416E-0E63F08A7BA7}.Release|Any CPU.Build.0 = Release|Any CPU
		{E52F3D9E-27B1-A46E-416E-0E63F08A7BA7}.Release|x64.ActiveCfg = Release|Any CPU
		{E52F3D9E-27B1-A46E-416E-0E63F08A7BA7}.Release|x64.Build.0 = Release|Any CPU
		{E52F3D9E-27B1-A46E-416E-0E63F08A7BA7}.Release|x86.ActiveCfg = Release|Any CPU
		{E52F3D9E-27B1-A46E-416E-0E63F08A7BA7}.Release|x86.Build.0 = Release|Any CPU
		{A4CB3F51-2F5F-9C87-9536-C734BFBB4CCB}.Debug|Any CPU.ActiveCfg = Debug|Any CPU
		{A4CB3F51-2F5F-9C87-9536-C734BFBB4CCB}.Debug|Any CPU.Build.0 = Debug|Any CPU
		{A4CB3F51-2F5F-9C87-9536-C734BFBB4CCB}.Debug|x64.ActiveCfg = Debug|Any CPU
		{A4CB3F51-2F5F-9C87-9536-C734BFBB4CCB}.Debug|x64.Build.0 = Debug|Any CPU
		{A4CB3F51-2F5F-9C87-9536-C734BFBB4CCB}.Debug|x86.ActiveCfg = Debug|Any CPU
		{A4CB3F51-2F5F-9C87-9536-C734BFBB4CCB}.Debug|x86.Build.0 = Debug|Any CPU
		{A4CB3F51-2F5F-9C87-9536-C734BFBB4CCB}.Release|Any CPU.ActiveCfg = Release|Any CPU
		{A4CB3F51-2F5F-9C87-9536-C734BFBB4CCB}.Release|Any CPU.Build.0 = Release|Any CPU
		{A4CB3F51-2F5F-9C87-9536-C734BFBB4CCB}.Release|x64.ActiveCfg = Release|Any CPU
		{A4CB3F51-2F5F-9C87-9536-C734BFBB4CCB}.Release|x64.Build.0 = Release|Any CPU
		{A4CB3F51-2F5F-9C87-9536-C734BFBB4CCB}.Release|x86.ActiveCfg = Release|Any CPU
		{A4CB3F51-2F5F-9C87-9536-C734BFBB4CCB}.Release|x86.Build.0 = Release|Any CPU
	EndGlobalSection
	GlobalSection(SolutionProperties) = preSolution
		HideSolutionNode = FALSE
	EndGlobalSection
	GlobalSection(NestedProjects) = preSolution
		{062BD1F0-DD62-466A-B9FA-20C764608545} = {827E0CD3-B72D-47B6-A68D-7590B98EB39B}
		{183E5583-160B-42D9-B08D-0FCD9B0FAB08} = {0AB3BF05-4346-4AA6-1389-037BE0695223}
		{46A14A73-5D92-48CD-AFDD-52A06AC93F51} = {B36A84DF-456D-A817-6EDD-3EC3E7F6E11F}
		{4902B467-D60D-4123-8357-67338CFEB00E} = {B36A84DF-456D-A817-6EDD-3EC3E7F6E11F}
		{E52F3D9E-27B1-A46E-416E-0E63F08A7BA7} = {827E0CD3-B72D-47B6-A68D-7590B98EB39B}
		{A4CB3F51-2F5F-9C87-9536-C734BFBB4CCB} = {827E0CD3-B72D-47B6-A68D-7590B98EB39B}
	EndGlobalSection
	GlobalSection(ExtensibilityGlobals) = postSolution
		SolutionGuid = {1A7C0790-CD7F-404B-962F-158BE94363A3}
	EndGlobalSection
EndGlobal
